<?xml version="1.0" encoding="utf-8"?>
<Project ToolsVersion="4.0" xmlns="http://schemas.microsoft.com/developer/msbuild/2003">
  <ItemGroup>
    <Filter Include="Shaders">
      <UniqueIdentifier>{60bee595-7411-c81f-0e11-0934d02a64bc}</UniqueIdentifier>
    </Filter>
    <Filter Include="Shaders\Multipass">
      <UniqueIdentifier>{7e71900e-08bc-2576-2bd3-316530fe3020}</UniqueIdentifier>
    </Filter>
    <Filter Include="Source">
      <UniqueIdentifier>{a2c655c5-b907-4abe-9c4e-0ae260b05ced}</UniqueIdentifier>
    </Filter>
    <Filter Include="Source\Editor">
      <UniqueIdentifier>{01c06a87-3b33-f1be-c238-04f144aa4c78}</UniqueIdentifier>
    </Filter>
    <Filter Include="Source\Editor\Selection">
      <UniqueIdentifier>{33d96653-88d6-d5dc-f0fa-d752c20ed9ed}</UniqueIdentifier>
    </Filter>
    <Filter Include="Source\Editor\Settings">
      <UniqueIdentifier>{1393aad3-59b4-8a7e-bf2a-94277bd1f371}</UniqueIdentifier>
    </Filter>
    <Filter Include="Source\Editor\UI">
      <UniqueIdentifier>{bc6f9cd9-3513-78f0-0505-1eb95e34498d}</UniqueIdentifier>
    </Filter>
    <Filter Include="Source\Editor\Utility">
      <UniqueIdentifier>{3320ec64-d369-4fa6-65b2-42c05e9103e9}</UniqueIdentifier>
    </Filter>
    <Filter Include="Source\Editor\Viewport">
      <UniqueIdentifier>{1a34369a-b65d-0692-a150-9209617bbd99}</UniqueIdentifier>
    </Filter>
    <Filter Include="Source\Engine">
      <UniqueIdentifier>{bfcd2a84-61fc-3a27-7115-8732c34a60d0}</UniqueIdentifier>
    </Filter>
    <Filter Include="Source\Engine\Asset">
      <UniqueIdentifier>{4defec5c-eaae-b334-ca2c-12fdd0abe386}</UniqueIdentifier>
    </Filter>
    <Filter Include="Source\Engine\Collision">
      <UniqueIdentifier>{b6e31b62-ff44-29dc-3a64-69f9805cba88}</UniqueIdentifier>
    </Filter>
    <Filter Include="Source\Engine\Collision\RayCollision">
      <UniqueIdentifier>{0f2b32e3-a74a-ee50-a298-95377985483b}</UniqueIdentifier>
    </Filter>
    <Filter Include="Source\Engine\Component">
      <UniqueIdentifier>{20a3ff62-6666-58c6-dd73-8a4513da2ca3}</UniqueIdentifier>
    </Filter>
    <Filter Include="Source\Engine\Component\Light">
      <UniqueIdentifier>{1daf6c6d-1874-958b-b9e2-685d9ca6646b}</UniqueIdentifier>
    </Filter>
    <Filter Include="Source\Engine\Component\Movement">
      <UniqueIdentifier>{a5b9b888-60c7-ef17-a883-5cc31c907635}</UniqueIdentifier>
    </Filter>
    <Filter Include="Source\Engine\Core">
      <UniqueIdentifier>{8b69df27-06f7-dea9-00be-7dcc5bcae5a6}</UniqueIdentifier>
    </Filter>
    <Filter Include="Source\Engine\Core\Containers">
      <UniqueIdentifier>{d46d3ee9-22aa-c303-1370-edcc47ae1fc1}</UniqueIdentifier>
    </Filter>
    <Filter Include="Source\Engine\Core\Logging">
      <UniqueIdentifier>{6f50ac41-faa1-3726-af8c-a978dcf9482e}</UniqueIdentifier>
    </Filter>
    <Filter Include="Source\Engine\GameFramework">
      <UniqueIdentifier>{52c13701-c05b-69fd-253f-f87ac22453d9}</UniqueIdentifier>
    </Filter>
    <Filter Include="Source\Engine\Geometry">
      <UniqueIdentifier>{c2319dba-1c79-a1ae-80c5-00daeb3389cc}</UniqueIdentifier>
    </Filter>
    <Filter Include="Source\Engine\Input">
      <UniqueIdentifier>{8c6fa399-133c-c7dc-8f7f-aef811a985ad}</UniqueIdentifier>
    </Filter>
    <Filter Include="Source\Engine\Input\Controller">
      <UniqueIdentifier>{06afad98-66f8-abab-e678-aa97a77e0066}</UniqueIdentifier>
    </Filter>
    <Filter Include="Source\Engine\Input\Controller\EditorController">
      <UniqueIdentifier>{91ce1396-52b5-8f7a-ca50-e7701f87b985}</UniqueIdentifier>
    </Filter>
    <Filter Include="Source\Engine\Math">
      <UniqueIdentifier>{1f95424e-78f3-3176-c345-9ebb635ae099}</UniqueIdentifier>
    </Filter>
    <Filter Include="Source\Engine\Object">
      <UniqueIdentifier>{bde1343c-f2f0-832e-756d-af7b4ac2f6e7}</UniqueIdentifier>
    </Filter>
    <Filter Include="Source\Engine\Render">
      <UniqueIdentifier>{c2b26f68-96a9-037f-9122-8cc548e081ff}</UniqueIdentifier>
    </Filter>
    <Filter Include="Source\Engine\Render\Collector">
      <UniqueIdentifier>{8fbd631b-aceb-a6cd-819c-c41292dde0e3}</UniqueIdentifier>
    </Filter>
    <Filter Include="Source\Engine\Render\Common">
      <UniqueIdentifier>{108dc0c1-4479-94be-2910-1d448b2d0fa7}</UniqueIdentifier>
    </Filter>
    <Filter Include="Source\Engine\Render\Device">
      <UniqueIdentifier>{b45e8ed3-f2e1-20c4-d86c-d568ca9584c7}</UniqueIdentifier>
    </Filter>
    <Filter Include="Source\Engine\Render\Mesh">
      <UniqueIdentifier>{5b8a4f7d-aefb-5262-3cbe-770ad254e1c4}</UniqueIdentifier>
    </Filter>
    <Filter Include="Source\Engine\Render\Renderer">
      <UniqueIdentifier>{219c21d6-301e-9889-9891-1ed459003345}</UniqueIdentifier>
    </Filter>
    <Filter Include="Source\Engine\Render\Renderer\RenderFlow">
      <UniqueIdentifier>{de2bc3b4-8191-d3b3-83c6-4dddeddbabd2}</UniqueIdentifier>
    </Filter>
    <Filter Include="Source\Engine\Render\Renderer\RenderTarget">
      <UniqueIdentifier>{db165c28-a461-d451-4661-ef5ed2f4c461}</UniqueIdentifier>
    </Filter>
    <Filter Include="Source\Engine\Render\Resource">
      <UniqueIdentifier>{e531d80c-df7b-302a-eb68-88766c4bbd6b}</UniqueIdentifier>
    </Filter>
    <Filter Include="Source\Engine\Render\Scene">
      <UniqueIdentifier>{47ff1c07-1c1a-4340-8c8b-82e5729c9fa7}</UniqueIdentifier>
    </Filter>
    <Filter Include="Source\Engine\Runtime">
      <UniqueIdentifier>{26c2758f-6f33-95db-0d84-95cb2a4bcc52}</UniqueIdentifier>
    </Filter>
    <Filter Include="Source\Engine\Runtime\Stats">
      <UniqueIdentifier>{b73b3ffd-cc3e-3e73-cd5e-4c862ce12d43}</UniqueIdentifier>
    </Filter>
    <Filter Include="Source\Engine\Serialization">
      <UniqueIdentifier>{2da23669-dc56-0f8c-0400-ac456128f1fa}</UniqueIdentifier>
    </Filter>
    <Filter Include="Source\Engine\Slate">
      <UniqueIdentifier>{d41c747e-d34e-c539-1e9a-c8df44ae034e}</UniqueIdentifier>
    </Filter>
    <Filter Include="Source\Engine\Spatial">
      <UniqueIdentifier>{f8334c36-7f14-c751-7bba-2157775fd0eb}</UniqueIdentifier>
    </Filter>
    <Filter Include="Source\Misc">
      <UniqueIdentifier>{80bb3fb1-78dd-ab3e-b9d5-e1cee5602ed0}</UniqueIdentifier>
    </Filter>
    <Filter Include="Source\Misc\ObjViewer">
      <UniqueIdentifier>{00d409af-9f90-b6ea-7791-4069f50caa8d}</UniqueIdentifier>
    </Filter>
    <Filter Include="Source\Misc\ObjViewer\Settings">
      <UniqueIdentifier>{c00cbebe-d7ae-beca-0474-aebd61a4b52f}</UniqueIdentifier>
    </Filter>
    <Filter Include="Source\Misc\ObjViewer\UI">
      <UniqueIdentifier>{72266e28-9f63-7b46-8ace-2ce3ef8fcb5c}</UniqueIdentifier>
    </Filter>
    <Filter Include="Source\Misc\ObjViewer\Viewport">
      <UniqueIdentifier>{a92070af-a018-ee07-ea50-1f65e812c419}</UniqueIdentifier>
    </Filter>
    <Filter Include="ThirdParty">
      <UniqueIdentifier>{1733db68-5028-c18d-f0ab-eeb42860f9f8}</UniqueIdentifier>
    </Filter>
    <Filter Include="ThirdParty\ImGui">
      <UniqueIdentifier>{5326d6e3-f339-0d51-b7d9-34f630792b9e}</UniqueIdentifier>
    </Filter>
    <Filter Include="ThirdParty\SimpleJSON">
      <UniqueIdentifier>{60f3c5d4-2dd4-3746-7c69-104344277d07}</UniqueIdentifier>
    </Filter>
  </ItemGroup>
  <ItemGroup>
    <FxCompile Include="Shaders\BillboardSelectionMask.hlsl">
      <Filter>Shaders</Filter>
    </FxCompile>
    <FxCompile Include="Shaders\Common.hlsl">
      <Filter>Shaders</Filter>
    </FxCompile>
    <FxCompile Include="Shaders\DepthPrepass.hlsl">
      <Filter>Shaders</Filter>
    </FxCompile>
    <FxCompile Include="Shaders\Editor.hlsl">
      <Filter>Shaders</Filter>
    </FxCompile>
    <FxCompile Include="Shaders\Gizmo.hlsl">
      <Filter>Shaders</Filter>
    </FxCompile>
    <FxCompile Include="Shaders\HeightFogPixelShader.hlsl">
      <Filter>Shaders</Filter>
    </FxCompile>
    <FxCompile Include="Shaders\HiZDownsample.hlsl">
      <Filter>Shaders</Filter>
    </FxCompile>
    <FxCompile Include="Shaders\OcclusionCull.hlsl">
      <Filter>Shaders</Filter>
    </FxCompile>
    <FxCompile Include="Shaders\OutlinePostProcess.hlsl">
      <Filter>Shaders</Filter>
    </FxCompile>
    <FxCompile Include="Shaders\Primitive.hlsl">
      <Filter>Shaders</Filter>
    </FxCompile>
    <FxCompile Include="Shaders\SelectionMask.hlsl">
      <Filter>Shaders</Filter>
    </FxCompile>
    <FxCompile Include="Shaders\ShaderBillboard.hlsl">
      <Filter>Shaders</Filter>
    </FxCompile>
    <FxCompile Include="Shaders\ShaderFont.hlsl">
      <Filter>Shaders</Filter>
    </FxCompile>
    <FxCompile Include="Shaders\ShaderLine.hlsl">
      <Filter>Shaders</Filter>
    </FxCompile>
    <FxCompile Include="Shaders\ShaderSubUV.hlsl">
      <Filter>Shaders</Filter>
    </FxCompile>
    <FxCompile Include="Shaders\ShadowSample.hlsli">
      <Filter>Shaders</Filter>
    </FxCompile>
    <FxCompile Include="Shaders\UberLit.hlsl">
      <Filter>Shaders</Filter>
    </FxCompile>
    <FxCompile Include="Shaders\UberSurface.hlsli">
      <Filter>Shaders</Filter>
    </FxCompile>
    <FxCompile Include="Shaders\UberUnlit.hlsl">
      <Filter>Shaders</Filter>
    </FxCompile>
    <FxCompile Include="Shaders\Util.hlsli">
      <Filter>Shaders</Filter>
    </FxCompile>
    <FxCompile Include="Shaders\Multipass\BufferVisualizationPass.hlsl">
      <Filter>Shaders\Multipass</Filter>
    </FxCompile>
    <FxCompile Include="Shaders\Multipass\DirectionalShadowDepth.hlsl">
      <Filter>Shaders\Multipass</Filter>
    </FxCompile>
    <FxCompile Include="Shaders\Multipass\FXAAPass.hlsl">
      <Filter>Shaders\Multipass</Filter>
    </FxCompile>
    <FxCompile Include="Shaders\Multipass\FogPass.hlsl">
      <Filter>Shaders\Multipass</Filter>
    </FxCompile>
    <FxCompile Include="Shaders\Multipass\LightCullingCS.hlsl">
      <Filter>Shaders\Multipass</Filter>
    </FxCompile>
    <FxCompile Include="Shaders\Multipass\PointShadowDepth.hlsl">
      <Filter>Shaders\Multipass</Filter>
    </FxCompile>
    <FxCompile Include="Shaders\Multipass\ShadowBlurCS.hlsl">
      <Filter>Shaders\Multipass</Filter>
    </FxCompile>
    <FxCompile Include="Shaders\Multipass\SkyPass.hlsl">
      <Filter>Shaders\Multipass</Filter>
    </FxCompile>
    <FxCompile Include="Shaders\Multipass\SpotShadowDepth.hlsl">
      <Filter>Shaders\Multipass</Filter>
    </FxCompile>
    <FxCompile Include="Shaders\Multipass\ToonOutlinePass.hlsl">
      <Filter>Shaders\Multipass</Filter>
    </FxCompile>
  </ItemGroup>
  <ItemGroup>
    <ClCompile Include="Source\Editor\EditorEngine.cpp">
      <Filter>Source\Editor</Filter>
    </ClCompile>
    <ClCompile Include="Source\Editor\EditorRenderPipeline.cpp">
      <Filter>Source\Editor</Filter>
    </ClCompile>
    <ClCompile Include="Source\Editor\Selection\SelectionManager.cpp">
      <Filter>Source\Editor\Selection</Filter>
    </ClCompile>
    <ClCompile Include="Source\Editor\Settings\EditorSettings.cpp">
      <Filter>Source\Editor\Settings</Filter>
    </ClCompile>
    <ClCompile Include="Source\Editor\UI\EditorConsoleWidget.cpp">
      <Filter>Source\Editor\UI</Filter>
    </ClCompile>
    <ClCompile Include="Source\Editor\UI\EditorControlWidget.cpp">
      <Filter>Source\Editor\UI</Filter>
    </ClCompile>
    <ClCompile Include="Source\Editor\UI\EditorMainPanel.cpp">
      <Filter>Source\Editor\UI</Filter>
    </ClCompile>
    <ClCompile Include="Source\Editor\UI\EditorMaterialWidget.cpp">
      <Filter>Source\Editor\UI</Filter>
    </ClCompile>
    <ClCompile Include="Source\Editor\UI\EditorPlayStreamWidget.cpp">
      <Filter>Source\Editor\UI</Filter>
    </ClCompile>
    <ClCompile Include="Source\Editor\UI\EditorPropertyWidget.cpp">
      <Filter>Source\Editor\UI</Filter>
    </ClCompile>
    <ClCompile Include="Source\Editor\UI\EditorSceneWidget.cpp">
      <Filter>Source\Editor\UI</Filter>
    </ClCompile>
    <ClCompile Include="Source\Editor\UI\EditorStatWidget.cpp">
      <Filter>Source\Editor\UI</Filter>
    </ClCompile>
    <ClCompile Include="Source\Editor\UI\EditorToolbarWidget.cpp">
      <Filter>Source\Editor\UI</Filter>
    </ClCompile>
    <ClCompile Include="Source\Editor\UI\EditorViewportOverlayWidget.cpp">
      <Filter>Source\Editor\UI</Filter>
    </ClCompile>
    <ClCompile Include="Source\Editor\UI\EditorWidget.cpp">
      <Filter>Source\Editor\UI</Filter>
    </ClCompile>
    <ClCompile Include="Source\Editor\Utility\EditorComponentFactory.cpp">
      <Filter>Source\Editor\Utility</Filter>
    </ClCompile>
    <ClCompile Include="Source\Editor\Utility\EditorUIUtils.cpp">
      <Filter>Source\Editor\Utility</Filter>
    </ClCompile>
    <ClCompile Include="Source\Editor\Viewport\EditorViewportClient.cpp">
      <Filter>Source\Editor\Viewport</Filter>
    </ClCompile>
    <ClCompile Include="Source\Editor\Viewport\FSceneViewport.cpp">
      <Filter>Source\Editor\Viewport</Filter>
    </ClCompile>
    <ClCompile Include="Source\Editor\Viewport\ViewportCamera.cpp">
      <Filter>Source\Editor\Viewport</Filter>
    </ClCompile>
    <ClCompile Include="Source\Editor\Viewport\ViewportLayout.cpp">
      <Filter>Source\Editor\Viewport</Filter>
    </ClCompile>
    <ClCompile Include="Source\Engine\Asset\BinarySerializer.cpp">
      <Filter>Source\Engine\Asset</Filter>
    </ClCompile>
    <ClCompile Include="Source\Engine\Asset\FileUtils.cpp">
      <Filter>Source\Engine\Asset</Filter>
    </ClCompile>
    <ClCompile Include="Source\Engine\Asset\FontAtlasLoader.cpp">
      <Filter>Source\Engine\Asset</Filter>
    </ClCompile>
    <ClCompile Include="Source\Engine\Asset\ObjLoader.cpp">
      <Filter>Source\Engine\Asset</Filter>
    </ClCompile>
    <ClCompile Include="Source\Engine\Asset\ParticleAtlasLoader.cpp">
      <Filter>Source\Engine\Asset</Filter>
    </ClCompile>
    <ClCompile Include="Source\Engine\Asset\StaticMesh.cpp">
      <Filter>Source\Engine\Asset</Filter>
    </ClCompile>
    <ClCompile Include="Source\Engine\Asset\StaticMeshSimplifier.cpp">
      <Filter>Source\Engine\Asset</Filter>
    </ClCompile>
    <ClCompile Include="Source\Engine\Collision\RayCollision\RayCollision.cpp">
      <Filter>Source\Engine\Collision\RayCollision</Filter>
    </ClCompile>
    <ClCompile Include="Source\Engine\Component\ActorComponent.cpp">
      <Filter>Source\Engine\Component</Filter>
    </ClCompile>
    <ClCompile Include="Source\Engine\Component\BillboardComponent.cpp">
      <Filter>Source\Engine\Component</Filter>
    </ClCompile>
    <ClCompile Include="Source\Engine\Component\CameraComponent.cpp">
      <Filter>Source\Engine\Component</Filter>
    </ClCompile>
    <ClCompile Include="Source\Engine\Component\DecalComponent.cpp">
      <Filter>Source\Engine\Component</Filter>
    </ClCompile>
    <ClCompile Include="Source\Engine\Component\GizmoComponent.cpp">
      <Filter>Source\Engine\Component</Filter>
    </ClCompile>
    <ClCompile Include="Source\Engine\Component\HeightFogComponent.cpp">
      <Filter>Source\Engine\Component</Filter>
    </ClCompile>
    <ClCompile Include="Source\Engine\Component\LineBatchComponent.cpp">
      <Filter>Source\Engine\Component</Filter>
    </ClCompile>
    <ClCompile Include="Source\Engine\Component\MeshComponent.cpp">
      <Filter>Source\Engine\Component</Filter>
    </ClCompile>
    <ClCompile Include="Source\Engine\Component\PrimitiveComponent.cpp">
      <Filter>Source\Engine\Component</Filter>
    </ClCompile>
    <ClCompile Include="Source\Engine\Component\SceneComponent.cpp">
      <Filter>Source\Engine\Component</Filter>
    </ClCompile>
    <ClCompile Include="Source\Engine\Component\SkyAtmosphereComponent.cpp">
      <Filter>Source\Engine\Component</Filter>
    </ClCompile>
    <ClCompile Include="Source\Engine\Component\StaticMeshComponent.cpp">
      <Filter>Source\Engine\Component</Filter>
    </ClCompile>
    <ClCompile Include="Source\Engine\Component\SubUVComponent.cpp">
      <Filter>Source\Engine\Component</Filter>
    </ClCompile>
    <ClCompile Include="Source\Engine\Component\TextRenderComponent.cpp">
      <Filter>Source\Engine\Component</Filter>
    </ClCompile>
    <ClCompile Include="Source\Engine\Component\Light\AmbientLightComponent.cpp">
      <Filter>Source\Engine\Component\Light</Filter>
    </ClCompile>
    <ClCompile Include="Source\Engine\Component\Light\DirectionalLightComponent.cpp">
      <Filter>Source\Engine\Component\Light</Filter>
    </ClCompile>
    <ClCompile Include="Source\Engine\Component\Light\LightComponent.cpp">
      <Filter>Source\Engine\Component\Light</Filter>
    </ClCompile>
    <ClCompile Include="Source\Engine\Component\Light\PointLightComponent.cpp">
      <Filter>Source\Engine\Component\Light</Filter>
    </ClCompile>
    <ClCompile Include="Source\Engine\Component\Light\SpotLightComponent.cpp">
      <Filter>Source\Engine\Component\Light</Filter>
    </ClCompile>
    <ClCompile Include="Source\Engine\Component\Movement\InterpToMovementComponent.cpp">
      <Filter>Source\Engine\Component\Movement</Filter>
    </ClCompile>
    <ClCompile Include="Source\Engine\Component\Movement\MovementComponent.cpp">
      <Filter>Source\Engine\Component\Movement</Filter>
    </ClCompile>
    <ClCompile Include="Source\Engine\Component\Movement\ProjectileMovementComponent.cpp">
      <Filter>Source\Engine\Component\Movement</Filter>
    </ClCompile>
    <ClCompile Include="Source\Engine\Component\Movement\PursuitMovementComponent.cpp">
      <Filter>Source\Engine\Component\Movement</Filter>
    </ClCompile>
    <ClCompile Include="Source\Engine\Component\Movement\RotatingMovementComponent.cpp">
      <Filter>Source\Engine\Component\Movement</Filter>
    </ClCompile>
    <ClCompile Include="Source\Engine\Core\CrashDump.cpp">
      <Filter>Source\Engine\Core</Filter>
    </ClCompile>
    <ClCompile Include="Source\Engine\Core\EngineTypes.cpp">
      <Filter>Source\Engine\Core</Filter>
    </ClCompile>
    <ClCompile Include="Source\Engine\Core\Paths.cpp">
      <Filter>Source\Engine\Core</Filter>
    </ClCompile>
    <ClCompile Include="Source\Engine\Core\PlatformTime.cpp">
      <Filter>Source\Engine\Core</Filter>
    </ClCompile>
    <ClCompile Include="Source\Engine\Core\ResourceManager.cpp">
      <Filter>Source\Engine\Core</Filter>
    </ClCompile>
    <ClCompile Include="Source\Engine\Core\Logging\GPUProfiler.cpp">
      <Filter>Source\Engine\Core\Logging</Filter>
    </ClCompile>
    <ClCompile Include="Source\Engine\Core\Logging\Stats.cpp">
      <Filter>Source\Engine\Core\Logging</Filter>
    </ClCompile>
    <ClCompile Include="Source\Engine\Core\Logging\Timer.cpp">
      <Filter>Source\Engine\Core\Logging</Filter>
    </ClCompile>
    <ClCompile Include="Source\Engine\GameFramework\AActor.cpp">
      <Filter>Source\Engine\GameFramework</Filter>
    </ClCompile>
    <ClCompile Include="Source\Engine\GameFramework\Level.cpp">
      <Filter>Source\Engine\GameFramework</Filter>
    </ClCompile>
    <ClCompile Include="Source\Engine\GameFramework\PrimitiveActors.cpp">
      <Filter>Source\Engine\GameFramework</Filter>
    </ClCompile>
    <ClCompile Include="Source\Engine\GameFramework\World.cpp">
      <Filter>Source\Engine\GameFramework</Filter>
    </ClCompile>
    <ClCompile Include="Source\Engine\Geometry\AABB.cpp">
      <Filter>Source\Engine\Geometry</Filter>
    </ClCompile>
    <ClCompile Include="Source\Engine\Geometry\Frustum.cpp">
      <Filter>Source\Engine\Geometry</Filter>
    </ClCompile>
    <ClCompile Include="Source\Engine\Geometry\OBB.cpp">
      <Filter>Source\Engine\Geometry</Filter>
    </ClCompile>
    <ClCompile Include="Source\Engine\Geometry\Plane.cpp">
      <Filter>Source\Engine\Geometry</Filter>
    </ClCompile>
    <ClCompile Include="Source\Engine\Geometry\Transform.cpp">
      <Filter>Source\Engine\Geometry</Filter>
    </ClCompile>
    <ClCompile Include="Source\Engine\Input\InputSystem.cpp">
      <Filter>Source\Engine\Input</Filter>
    </ClCompile>
    <ClCompile Include="Source\Engine\Input\Controller\EditorController\BaseEditorController.cpp">
      <Filter>Source\Engine\Input\Controller\EditorController</Filter>
    </ClCompile>
    <ClCompile Include="Source\Engine\Input\Controller\EditorController\EditorInputRouter.cpp">
      <Filter>Source\Engine\Input\Controller\EditorController</Filter>
    </ClCompile>
    <ClCompile Include="Source\Engine\Input\Controller\EditorController\EditorWorldController.cpp">
      <Filter>Source\Engine\Input\Controller\EditorController</Filter>
    </ClCompile>
    <ClCompile Include="Source\Engine\Input\Controller\EditorController\PIEController.cpp">
      <Filter>Source\Engine\Input\Controller\EditorController</Filter>
    </ClCompile>
    <ClCompile Include="Source\Engine\Math\Color.cpp">
      <Filter>Source\Engine\Math</Filter>
    </ClCompile>
    <ClCompile Include="Source\Engine\Math\Matrix.cpp">
      <Filter>Source\Engine\Math</Filter>
    </ClCompile>
    <ClCompile Include="Source\Engine\Math\Quat.cpp">
      <Filter>Source\Engine\Math</Filter>
    </ClCompile>
    <ClCompile Include="Source\Engine\Math\Rotator.cpp">
      <Filter>Source\Engine\Math</Filter>
    </ClCompile>
    <ClCompile Include="Source\Engine\Math\Vector.cpp">
      <Filter>Source\Engine\Math</Filter>
    </ClCompile>
    <ClCompile Include="Source\Engine\Math\Vector2.cpp">
      <Filter>Source\Engine\Math</Filter>
    </ClCompile>
    <ClCompile Include="Source\Engine\Math\Vector4.cpp">
      <Filter>Source\Engine\Math</Filter>
    </ClCompile>
    <ClCompile Include="Source\Engine\Object\EngineStatics.cpp">
      <Filter>Source\Engine\Object</Filter>
    </ClCompile>
    <ClCompile Include="Source\Engine\Object\FName.cpp">
      <Filter>Source\Engine\Object</Filter>
    </ClCompile>
    <ClCompile Include="Source\Engine\Object\Object.cpp">
      <Filter>Source\Engine\Object</Filter>
    </ClCompile>
    <ClCompile Include="Source\Engine\Render\FontBatcher.cpp">
      <Filter>Source\Engine\Render</Filter>
    </ClCompile>
    <ClCompile Include="Source\Engine\Render\LineBatcher.cpp">
      <Filter>Source\Engine\Render</Filter>
    </ClCompile>
    <ClCompile Include="Source\Engine\Render\SubUVBatcher.cpp">
      <Filter>Source\Engine\Render</Filter>
    </ClCompile>
    <ClCompile Include="Source\Engine\Render\Collector\LightRenderCollector.cpp">
      <Filter>Source\Engine\Render\Collector</Filter>
    </ClCompile>
    <ClCompile Include="Source\Engine\Render\Collector\OverlayRenderCollector.cpp">
      <Filter>Source\Engine\Render\Collector</Filter>
    </ClCompile>
    <ClCompile Include="Source\Engine\Render\Collector\PrimitiveRenderCollector.cpp">
      <Filter>Source\Engine\Render\Collector</Filter>
    </ClCompile>
    <ClCompile Include="Source\Engine\Render\Collector\RenderCollector.cpp">
      <Filter>Source\Engine\Render\Collector</Filter>
    </ClCompile>
    <ClCompile Include="Source\Engine\Render\Device\D3DDevice.cpp">
      <Filter>Source\Engine\Render\Device</Filter>
    </ClCompile>
    <ClCompile Include="Source\Engine\Render\Mesh\MeshManager.cpp">
      <Filter>Source\Engine\Render\Mesh</Filter>
    </ClCompile>
    <ClCompile Include="Source\Engine\Render\Renderer\DefaultRenderPipeline.cpp">
      <Filter>Source\Engine\Render\Renderer</Filter>
    </ClCompile>
    <ClCompile Include="Source\Engine\Render\Renderer\Renderer.cpp">
      <Filter>Source\Engine\Render\Renderer</Filter>
    </ClCompile>
    <ClCompile Include="Source\Engine\Render\Renderer\RenderFlow\BillboardRenderPass.cpp">
      <Filter>Source\Engine\Render\Renderer\RenderFlow</Filter>
    </ClCompile>
    <ClCompile Include="Source\Engine\Render\Renderer\RenderFlow\BlurPass.cpp">
      <Filter>Source\Engine\Render\Renderer\RenderFlow</Filter>
    </ClCompile>
    <ClCompile Include="Source\Engine\Render\Renderer\RenderFlow\BufferVisualizationRenderPass.cpp">
      <Filter>Source\Engine\Render\Renderer\RenderFlow</Filter>
    </ClCompile>
    <ClCompile Include="Source\Engine\Render\Renderer\RenderFlow\DecalRenderPass.cpp">
      <Filter>Source\Engine\Render\Renderer\RenderFlow</Filter>
    </ClCompile>
    <ClCompile Include="Source\Engine\Render\Renderer\RenderFlow\DepthLessRenderPass.cpp">
      <Filter>Source\Engine\Render\Renderer\RenderFlow</Filter>
    </ClCompile>
    <ClCompile Include="Source\Engine\Render\Renderer\RenderFlow\EditorRenderPass.cpp">
      <Filter>Source\Engine\Render\Renderer\RenderFlow</Filter>
    </ClCompile>
    <ClCompile Include="Source\Engine\Render\Renderer\RenderFlow\FXAARenderPass.cpp">
      <Filter>Source\Engine\Render\Renderer\RenderFlow</Filter>
    </ClCompile>
    <ClCompile Include="Source\Engine\Render\Renderer\RenderFlow\FogRenderPass.cpp">
      <Filter>Source\Engine\Render\Renderer\RenderFlow</Filter>
    </ClCompile>
    <ClCompile Include="Source\Engine\Render\Renderer\RenderFlow\FontRenderPass.cpp">
      <Filter>Source\Engine\Render\Renderer\RenderFlow</Filter>
    </ClCompile>
    <ClCompile Include="Source\Engine\Render\Renderer\RenderFlow\GridRenderPass.cpp">
      <Filter>Source\Engine\Render\Renderer\RenderFlow</Filter>
    </ClCompile>
    <ClCompile Include="Source\Engine\Render\Renderer\RenderFlow\LightCullingPass.cpp">
      <Filter>Source\Engine\Render\Renderer\RenderFlow</Filter>
    </ClCompile>
    <ClCompile Include="Source\Engine\Render\Renderer\RenderFlow\OpaqueRenderPass.cpp">
      <Filter>Source\Engine\Render\Renderer\RenderFlow</Filter>
    </ClCompile>
    <ClCompile Include="Source\Engine\Render\Renderer\RenderFlow\PostProcessOutlineRenderPass.cpp">
      <Filter>Source\Engine\Render\Renderer\RenderFlow</Filter>
    </ClCompile>
    <ClCompile Include="Source\Engine\Render\Renderer\RenderFlow\RenderPass.cpp">
      <Filter>Source\Engine\Render\Renderer\RenderFlow</Filter>
    </ClCompile>
    <ClCompile Include="Source\Engine\Render\Renderer\RenderFlow\RenderPassContext.cpp">
      <Filter>Source\Engine\Render\Renderer\RenderFlow</Filter>
    </ClCompile>
    <ClCompile Include="Source\Engine\Render\Renderer\RenderFlow\RenderPipeline.cpp">
      <Filter>Source\Engine\Render\Renderer\RenderFlow</Filter>
    </ClCompile>
    <ClCompile Include="Source\Engine\Render\Renderer\RenderFlow\SelectionMaskRenderPass.cpp">
      <Filter>Source\Engine\Render\Renderer\RenderFlow</Filter>
    </ClCompile>
    <ClCompile Include="Source\Engine\Render\Renderer\RenderFlow\ShadowAtlasManager.cpp">
      <Filter>Source\Engine\Render\Renderer\RenderFlow</Filter>
    </ClCompile>
    <ClCompile Include="Source\Engine\Render\Renderer\RenderFlow\ShadowPass.cpp">
      <Filter>Source\Engine\Render\Renderer\RenderFlow</Filter>
    </ClCompile>
    <ClCompile Include="Source\Engine\Render\Renderer\RenderFlow\SkyRenderPass.cpp">
      <Filter>Source\Engine\Render\Renderer\RenderFlow</Filter>
    </ClCompile>
    <ClCompile Include="Source\Engine\Render\Renderer\RenderFlow\SubUVRenderPass.cpp">
      <Filter>Source\Engine\Render\Renderer\RenderFlow</Filter>
    </ClCompile>
    <ClCompile Include="Source\Engine\Render\Renderer\RenderFlow\ToonOutlineRenderPass.cpp">
      <Filter>Source\Engine\Render\Renderer\RenderFlow</Filter>
    </ClCompile>
    <ClCompile Include="Source\Engine\Render\Renderer\RenderFlow\TranslucentRenderPass.cpp">
      <Filter>Source\Engine\Render\Renderer\RenderFlow</Filter>
    </ClCompile>
    <ClCompile Include="Source\Engine\Render\Renderer\RenderTarget\DepthStencilBuilder.cpp">
      <Filter>Source\Engine\Render\Renderer\RenderTarget</Filter>
    </ClCompile>
    <ClCompile Include="Source\Engine\Render\Renderer\RenderTarget\DepthStencilFactory.cpp">
      <Filter>Source\Engine\Render\Renderer\RenderTarget</Filter>
    </ClCompile>
    <ClCompile Include="Source\Engine\Render\Renderer\RenderTarget\DepthStencilResource.cpp">
      <Filter>Source\Engine\Render\Renderer\RenderTarget</Filter>
    </ClCompile>
    <ClCompile Include="Source\Engine\Render\Renderer\RenderTarget\RenderTarget.cpp">
      <Filter>Source\Engine\Render\Renderer\RenderTarget</Filter>
    </ClCompile>
    <ClCompile Include="Source\Engine\Render\Renderer\RenderTarget\RenderTargetBuilder.cpp">
      <Filter>Source\Engine\Render\Renderer\RenderTarget</Filter>
    </ClCompile>
    <ClCompile Include="Source\Engine\Render\Renderer\RenderTarget\RenderTargetFactory.cpp">
      <Filter>Source\Engine\Render\Renderer\RenderTarget</Filter>
    </ClCompile>
    <ClCompile Include="Source\Engine\Render\Resource\Buffer.cpp">
      <Filter>Source\Engine\Render\Resource</Filter>
    </ClCompile>
    <ClCompile Include="Source\Engine\Render\Resource\Material.cpp">
      <Filter>Source\Engine\Render\Resource</Filter>
    </ClCompile>
    <ClCompile Include="Source\Engine\Render\Resource\MeshBufferManager.cpp">
      <Filter>Source\Engine\Render\Resource</Filter>
    </ClCompile>
    <ClCompile Include="Source\Engine\Render\Resource\ObjMtlLoader.cpp">
      <Filter>Source\Engine\Render\Resource</Filter>
    </ClCompile>
    <ClCompile Include="Source\Engine\Render\Resource\Shader.cpp">
      <Filter>Source\Engine\Render\Resource</Filter>
    </ClCompile>
    <ClCompile Include="Source\Engine\Render\Resource\Texture.cpp">
      <Filter>Source\Engine\Render\Resource</Filter>
    </ClCompile>
    <ClCompile Include="Source\Engine\Render\Scene\RenderBus.cpp">
      <Filter>Source\Engine\Render\Scene</Filter>
    </ClCompile>
    <ClCompile Include="Source\Engine\Runtime\Engine.cpp">
      <Filter>Source\Engine\Runtime</Filter>
    </ClCompile>
    <ClCompile Include="Source\Engine\Runtime\EngineLoop.cpp">
      <Filter>Source\Engine\Runtime</Filter>
    </ClCompile>
    <ClCompile Include="Source\Engine\Runtime\Launch.cpp">
      <Filter>Source\Engine\Runtime</Filter>
    </ClCompile>
    <ClCompile Include="Source\Engine\Runtime\ViewportClient.cpp">
      <Filter>Source\Engine\Runtime</Filter>
    </ClCompile>
    <ClCompile Include="Source\Engine\Runtime\WindowsApplication.cpp">
      <Filter>Source\Engine\Runtime</Filter>
    </ClCompile>
    <ClCompile Include="Source\Engine\Runtime\WindowsPlatformTime.cpp">
      <Filter>Source\Engine\Runtime</Filter>
    </ClCompile>
    <ClCompile Include="Source\Engine\Runtime\WindowsWindow.cpp">
      <Filter>Source\Engine\Runtime</Filter>
    </ClCompile>
    <ClCompile Include="Source\Engine\Serialization\JsonReader.cpp">
      <Filter>Source\Engine\Serialization</Filter>
    </ClCompile>
    <ClCompile Include="Source\Engine\Serialization\JsonWriter.cpp">
      <Filter>Source\Engine\Serialization</Filter>
    </ClCompile>
    <ClCompile Include="Source\Engine\Serialization\SceneSaveManager.cpp">
      <Filter>Source\Engine\Serialization</Filter>
    </ClCompile>
    <ClCompile Include="Source\Engine\Slate\SSplitter.cpp">
      <Filter>Source\Engine\Slate</Filter>
    </ClCompile>
    <ClCompile Include="Source\Engine\Slate\SSplitterCross.cpp">
      <Filter>Source\Engine\Slate</Filter>
    </ClCompile>
    <ClCompile Include="Source\Engine\Slate\SSplitterH.cpp">
      <Filter>Source\Engine\Slate</Filter>
    </ClCompile>
    <ClCompile Include="Source\Engine\Slate\SSplitterV.cpp">
      <Filter>Source\Engine\Slate</Filter>
    </ClCompile>
    <ClCompile Include="Source\Engine\Slate\SViewport.cpp">
      <Filter>Source\Engine\Slate</Filter>
    </ClCompile>
    <ClCompile Include="Source\Engine\Slate\SWidget.cpp">
      <Filter>Source\Engine\Slate</Filter>
    </ClCompile>
    <ClCompile Include="Source\Engine\Slate\SWindow.cpp">
      <Filter>Source\Engine\Slate</Filter>
    </ClCompile>
    <ClCompile Include="Source\Engine\Slate\SlateApplication.cpp">
      <Filter>Source\Engine\Slate</Filter>
    </ClCompile>
    <ClCompile Include="Source\Engine\Spatial\BVH.cpp">
      <Filter>Source\Engine\Spatial</Filter>
    </ClCompile>
    <ClCompile Include="Source\Engine\Spatial\KDTree.cpp">
      <Filter>Source\Engine\Spatial</Filter>
    </ClCompile>
    <ClCompile Include="Source\Engine\Spatial\WorldSpatialIndex.cpp">
      <Filter>Source\Engine\Spatial</Filter>
    </ClCompile>
    <ClCompile Include="Source\Misc\ObjViewer\ObjViewerEngine.cpp">
      <Filter>Source\Misc\ObjViewer</Filter>
    </ClCompile>
    <ClCompile Include="Source\Misc\ObjViewer\ObjViewerRenderPipeline.cpp">
      <Filter>Source\Misc\ObjViewer</Filter>
    </ClCompile>
    <ClCompile Include="Source\Misc\ObjViewer\Settings\ObjViewerSettings.cpp">
      <Filter>Source\Misc\ObjViewer\Settings</Filter>
    </ClCompile>
    <ClCompile Include="Source\Misc\ObjViewer\UI\ObjViewerControlWidget.cpp">
      <Filter>Source\Misc\ObjViewer\UI</Filter>
    </ClCompile>
    <ClCompile Include="Source\Misc\ObjViewer\UI\ObjViewerMainPanel.cpp">
      <Filter>Source\Misc\ObjViewer\UI</Filter>
    </ClCompile>
    <ClCompile Include="Source\Misc\ObjViewer\UI\ObjViewerMenuBarWIdget.cpp">
      <Filter>Source\Misc\ObjViewer\UI</Filter>
    </ClCompile>
    <ClCompile Include="Source\Misc\ObjViewer\UI\ObjViewerStatWidget.cpp">
      <Filter>Source\Misc\ObjViewer\UI</Filter>
    </ClCompile>
    <ClCompile Include="Source\Misc\ObjViewer\Viewport\ObjViewerViewportClient.cpp">
      <Filter>Source\Misc\ObjViewer\Viewport</Filter>
    </ClCompile>
    <ClCompile Include="ThirdParty\ImGui\imgui.cpp">
      <Filter>ThirdParty\ImGui</Filter>
    </ClCompile>
    <ClCompile Include="ThirdParty\ImGui\imgui_demo.cpp">
      <Filter>ThirdParty\ImGui</Filter>
    </ClCompile>
    <ClCompile Include="ThirdParty\ImGui\imgui_draw.cpp">
      <Filter>ThirdParty\ImGui</Filter>
    </ClCompile>
    <ClCompile Include="ThirdParty\ImGui\imgui_impl_dx11.cpp">
      <Filter>ThirdParty\ImGui</Filter>
    </ClCompile>
    <ClCompile Include="ThirdParty\ImGui\imgui_impl_win32.cpp">
      <Filter>ThirdParty\ImGui</Filter>
    </ClCompile>
    <ClCompile Include="ThirdParty\ImGui\imgui_tables.cpp">
      <Filter>ThirdParty\ImGui</Filter>
    </ClCompile>
    <ClCompile Include="ThirdParty\ImGui\imgui_widgets.cpp">
      <Filter>ThirdParty\ImGui</Filter>
    </ClCompile>
    <ClCompile Include="main.cpp" />
    <ClCompile Include="HighPerformanceGpuHint.cpp" />
  </ItemGroup>
  <ItemGroup>
    <ClInclude Include="Source\Editor\EditorEngine.h">
      <Filter>Source\Editor</Filter>
    </ClInclude>
    <ClInclude Include="Source\Editor\EditorRenderPipeline.h">
      <Filter>Source\Editor</Filter>
    </ClInclude>
    <ClInclude Include="Source\Editor\Selection\SelectionManager.h">
      <Filter>Source\Editor\Selection</Filter>
    </ClInclude>
    <ClInclude Include="Source\Editor\Settings\EditorSettings.h">
      <Filter>Source\Editor\Settings</Filter>
    </ClInclude>
    <ClInclude Include="Source\Editor\UI\EditorConsoleWidget.h">
      <Filter>Source\Editor\UI</Filter>
    </ClInclude>
    <ClInclude Include="Source\Editor\UI\EditorControlWidget.h">
      <Filter>Source\Editor\UI</Filter>
    </ClInclude>
    <ClInclude Include="Source\Editor\UI\EditorMainPanel.h">
      <Filter>Source\Editor\UI</Filter>
    </ClInclude>
    <ClInclude Include="Source\Editor\UI\EditorMaterialWidget.h">
      <Filter>Source\Editor\UI</Filter>
    </ClInclude>
    <ClInclude Include="Source\Editor\UI\EditorPlayStreamWidget.h">
      <Filter>Source\Editor\UI</Filter>
    </ClInclude>
    <ClInclude Include="Source\Editor\UI\EditorPropertyWidget.h">
      <Filter>Source\Editor\UI</Filter>
    </ClInclude>
    <ClInclude Include="Source\Editor\UI\EditorSceneWidget.h">
      <Filter>Source\Editor\UI</Filter>
    </ClInclude>
    <ClInclude Include="Source\Editor\UI\EditorStatWidget.h">
      <Filter>Source\Editor\UI</Filter>
    </ClInclude>
    <ClInclude Include="Source\Editor\UI\EditorToolbarWidget.h">
      <Filter>Source\Editor\UI</Filter>
    </ClInclude>
    <ClInclude Include="Source\Editor\UI\EditorViewportOverlayWidget.h">
      <Filter>Source\Editor\UI</Filter>
    </ClInclude>
    <ClInclude Include="Source\Editor\UI\EditorWidget.h">
      <Filter>Source\Editor\UI</Filter>
    </ClInclude>
    <ClInclude Include="Source\Editor\Utility\EditorComponentFactory.h">
      <Filter>Source\Editor\Utility</Filter>
    </ClInclude>
    <ClInclude Include="Source\Editor\Utility\EditorUIUtils.h">
      <Filter>Source\Editor\Utility</Filter>
    </ClInclude>
    <ClInclude Include="Source\Editor\Viewport\CursorOverlayState.h">
      <Filter>Source\Editor\Viewport</Filter>
    </ClInclude>
    <ClInclude Include="Source\Editor\Viewport\EditorViewportClient.h">
      <Filter>Source\Editor\Viewport</Filter>
    </ClInclude>
    <ClInclude Include="Source\Editor\Viewport\FSceneViewport.h">
      <Filter>Source\Editor\Viewport</Filter>
    </ClInclude>
    <ClInclude Include="Source\Editor\Viewport\SEditorViewport.h">
      <Filter>Source\Editor\Viewport</Filter>
    </ClInclude>
    <ClInclude Include="Source\Editor\Viewport\ViewportCamera.h">
      <Filter>Source\Editor\Viewport</Filter>
    </ClInclude>
    <ClInclude Include="Source\Editor\Viewport\ViewportLayout.h">
      <Filter>Source\Editor\Viewport</Filter>
    </ClInclude>
    <ClInclude Include="Source\Engine\Asset\BinarySerializer.h">
      <Filter>Source\Engine\Asset</Filter>
    </ClInclude>
    <ClInclude Include="Source\Engine\Asset\FileUtils.h">
      <Filter>Source\Engine\Asset</Filter>
    </ClInclude>
    <ClInclude Include="Source\Engine\Asset\FontAtlasLoader.h">
      <Filter>Source\Engine\Asset</Filter>
    </ClInclude>
    <ClInclude Include="Source\Engine\Asset\IAssetLoader.h">
      <Filter>Source\Engine\Asset</Filter>
    </ClInclude>
    <ClInclude Include="Source\Engine\Asset\ObjLoader.h">
      <Filter>Source\Engine\Asset</Filter>
    </ClInclude>
    <ClInclude Include="Source\Engine\Asset\ObjRawTypes.h">
      <Filter>Source\Engine\Asset</Filter>
    </ClInclude>
    <ClInclude Include="Source\Engine\Asset\ParticleAtlasLoader.h">
      <Filter>Source\Engine\Asset</Filter>
    </ClInclude>
    <ClInclude Include="Source\Engine\Asset\StaticMesh.h">
      <Filter>Source\Engine\Asset</Filter>
    </ClInclude>
    <ClInclude Include="Source\Engine\Asset\StaticMeshSimplifier.h">
      <Filter>Source\Engine\Asset</Filter>
    </ClInclude>
    <ClInclude Include="Source\Engine\Asset\StaticMeshTypes.h">
      <Filter>Source\Engine\Asset</Filter>
    </ClInclude>
    <ClInclude Include="Source\Engine\Collision\RayCollision\RayCollision.h">
      <Filter>Source\Engine\Collision\RayCollision</Filter>
    </ClInclude>
    <ClInclude Include="Source\Engine\Component\ActorComponent.h">
      <Filter>Source\Engine\Component</Filter>
    </ClInclude>
    <ClInclude Include="Source\Engine\Component\BillboardComponent.h">
      <Filter>Source\Engine\Component</Filter>
    </ClInclude>
    <ClInclude Include="Source\Engine\Component\CameraComponent.h">
      <Filter>Source\Engine\Component</Filter>
    </ClInclude>
    <ClInclude Include="Source\Engine\Component\DecalComponent.h">
      <Filter>Source\Engine\Component</Filter>
    </ClInclude>
    <ClInclude Include="Source\Engine\Component\GizmoComponent.h">
      <Filter>Source\Engine\Component</Filter>
    </ClInclude>
    <ClInclude Include="Source\Engine\Component\HeightFogComponent.h">
      <Filter>Source\Engine\Component</Filter>
    </ClInclude>
    <ClInclude Include="Source\Engine\Component\LineBatchComponent.h">
      <Filter>Source\Engine\Component</Filter>
    </ClInclude>
    <ClInclude Include="Source\Engine\Component\MeshComponent.h">
      <Filter>Source\Engine\Component</Filter>
    </ClInclude>
    <ClInclude Include="Source\Engine\Component\PrimitiveComponent.h">
      <Filter>Source\Engine\Component</Filter>
    </ClInclude>
    <ClInclude Include="Source\Engine\Component\SceneComponent.h">
      <Filter>Source\Engine\Component</Filter>
    </ClInclude>
    <ClInclude Include="Source\Engine\Component\SkyAtmosphereComponent.h">
      <Filter>Source\Engine\Component</Filter>
    </ClInclude>
    <ClInclude Include="Source\Engine\Component\StaticMeshComponent.h">
      <Filter>Source\Engine\Component</Filter>
    </ClInclude>
    <ClInclude Include="Source\Engine\Component\SubUVComponent.h">
      <Filter>Source\Engine\Component</Filter>
    </ClInclude>
    <ClInclude Include="Source\Engine\Component\TextRenderComponent.h">
      <Filter>Source\Engine\Component</Filter>
    </ClInclude>
    <ClInclude Include="Source\Engine\Component\Light\AmbientLightComponent.h">
      <Filter>Source\Engine\Component\Light</Filter>
    </ClInclude>
    <ClInclude Include="Source\Engine\Component\Light\DirectionalLightComponent.h">
      <Filter>Source\Engine\Component\Light</Filter>
    </ClInclude>
    <ClInclude Include="Source\Engine\Component\Light\LightComponent.h">
      <Filter>Source\Engine\Component\Light</Filter>
    </ClInclude>
    <ClInclude Include="Source\Engine\Component\Light\PointLightComponent.h">
      <Filter>Source\Engine\Component\Light</Filter>
    </ClInclude>
    <ClInclude Include="Source\Engine\Component\Light\SpotLightComponent.h">
      <Filter>Source\Engine\Component\Light</Filter>
    </ClInclude>
    <ClInclude Include="Source\Engine\Component\Movement\InterpToMovementComponent.h">
      <Filter>Source\Engine\Component\Movement</Filter>
    </ClInclude>
    <ClInclude Include="Source\Engine\Component\Movement\MovementComponent.h">
      <Filter>Source\Engine\Component\Movement</Filter>
    </ClInclude>
    <ClInclude Include="Source\Engine\Component\Movement\ProjectileMovementComponent.h">
      <Filter>Source\Engine\Component\Movement</Filter>
    </ClInclude>
    <ClInclude Include="Source\Engine\Component\Movement\PursuitMovementComponent.h">
      <Filter>Source\Engine\Component\Movement</Filter>
    </ClInclude>
    <ClInclude Include="Source\Engine\Component\Movement\RotatingMovementComponent.h">
      <Filter>Source\Engine\Component\Movement</Filter>
    </ClInclude>
    <ClInclude Include="Source\Engine\Core\CollisionTypes.h">
      <Filter>Source\Engine\Core</Filter>
    </ClInclude>
    <ClInclude Include="Source\Engine\Core\Common.h">
      <Filter>Source\Engine\Core</Filter>
    </ClInclude>
    <ClInclude Include="Source\Engine\Core\ConsoleHelper.h">
      <Filter>Source\Engine\Core</Filter>
    </ClInclude>
    <ClInclude Include="Source\Engine\Core\CoreMinimal.h">
      <Filter>Source\Engine\Core</Filter>
    </ClInclude>
    <ClInclude Include="Source\Engine\Core\CoreTypes.h">
      <Filter>Source\Engine\Core</Filter>
    </ClInclude>
    <ClInclude Include="Source\Engine\Core\CrashDump.h">
      <Filter>Source\Engine\Core</Filter>
    </ClInclude>
    <ClInclude Include="Source\Engine\Core\Debug.h">
      <Filter>Source\Engine\Core</Filter>
    </ClInclude>
    <ClInclude Include="Source\Engine\Core\EngineTypes.h">
      <Filter>Source\Engine\Core</Filter>
    </ClInclude>
    <ClInclude Include="Source\Engine\Core\Paths.h">
      <Filter>Source\Engine\Core</Filter>
    </ClInclude>
    <ClInclude Include="Source\Engine\Core\PlatformTime.h">
      <Filter>Source\Engine\Core</Filter>
    </ClInclude>
    <ClInclude Include="Source\Engine\Core\PropertyTypes.h">
      <Filter>Source\Engine\Core</Filter>
    </ClInclude>
    <ClInclude Include="Source\Engine\Core\ResourceManager.h">
      <Filter>Source\Engine\Core</Filter>
    </ClInclude>
    <ClInclude Include="Source\Engine\Core\ResourceTypes.h">
      <Filter>Source\Engine\Core</Filter>
    </ClInclude>
    <ClInclude Include="Source\Engine\Core\Singleton.h">
      <Filter>Source\Engine\Core</Filter>
    </ClInclude>
    <ClInclude Include="Source\Engine\Core\StringUtils.h">
      <Filter>Source\Engine\Core</Filter>
    </ClInclude>
    <ClInclude Include="Source\Engine\Core\Containers\Array.h">
      <Filter>Source\Engine\Core\Containers</Filter>
    </ClInclude>
    <ClInclude Include="Source\Engine\Core\Containers\LinkedList.h">
      <Filter>Source\Engine\Core\Containers</Filter>
    </ClInclude>
    <ClInclude Include="Source\Engine\Core\Containers\Map.h">
      <Filter>Source\Engine\Core\Containers</Filter>
    </ClInclude>
    <ClInclude Include="Source\Engine\Core\Containers\Pair.h">
      <Filter>Source\Engine\Core\Containers</Filter>
    </ClInclude>
    <ClInclude Include="Source\Engine\Core\Containers\Queue.h">
      <Filter>Source\Engine\Core\Containers</Filter>
    </ClInclude>
    <ClInclude Include="Source\Engine\Core\Containers\Set.h">
      <Filter>Source\Engine\Core\Containers</Filter>
    </ClInclude>
    <ClInclude Include="Source\Engine\Core\Containers\StaticArray.h">
      <Filter>Source\Engine\Core\Containers</Filter>
    </ClInclude>
    <ClInclude Include="Source\Engine\Core\Containers\String.h">
      <Filter>Source\Engine\Core\Containers</Filter>
    </ClInclude>
    <ClInclude Include="Source\Engine\Core\Logging\GPUProfiler.h">
      <Filter>Source\Engine\Core\Logging</Filter>
    </ClInclude>
    <ClInclude Include="Source\Engine\Core\Logging\Stats.h">
      <Filter>Source\Engine\Core\Logging</Filter>
    </ClInclude>
    <ClInclude Include="Source\Engine\Core\Logging\Timer.h">
      <Filter>Source\Engine\Core\Logging</Filter>
    </ClInclude>
    <ClInclude Include="Source\Engine\GameFramework\AActor.h">
      <Filter>Source\Engine\GameFramework</Filter>
    </ClInclude>
    <ClInclude Include="Source\Engine\GameFramework\Level.h">
      <Filter>Source\Engine\GameFramework</Filter>
    </ClInclude>
    <ClInclude Include="Source\Engine\GameFramework\PrimitiveActors.h">
      <Filter>Source\Engine\GameFramework</Filter>
    </ClInclude>
    <ClInclude Include="Source\Engine\GameFramework\World.h">
      <Filter>Source\Engine\GameFramework</Filter>
    </ClInclude>
    <ClInclude Include="Source\Engine\GameFramework\WorldContext.h">
      <Filter>Source\Engine\GameFramework</Filter>
    </ClInclude>
    <ClInclude Include="Source\Engine\Geometry\AABB.h">
      <Filter>Source\Engine\Geometry</Filter>
    </ClInclude>
    <ClInclude Include="Source\Engine\Geometry\Edge.h">
      <Filter>Source\Engine\Geometry</Filter>
    </ClInclude>
    <ClInclude Include="Source\Engine\Geometry\Frustum.h">
      <Filter>Source\Engine\Geometry</Filter>
    </ClInclude>
    <ClInclude Include="Source\Engine\Geometry\OBB.h">
      <Filter>Source\Engine\Geometry</Filter>
    </ClInclude>
    <ClInclude Include="Source\Engine\Geometry\Plane.h">
      <Filter>Source\Engine\Geometry</Filter>
    </ClInclude>
    <ClInclude Include="Source\Engine\Geometry\Ray.h">
      <Filter>Source\Engine\Geometry</Filter>
    </ClInclude>
    <ClInclude Include="Source\Engine\Geometry\Transform.h">
      <Filter>Source\Engine\Geometry</Filter>
    </ClInclude>
    <ClInclude Include="Source\Engine\Geometry\Triangle.h">
      <Filter>Source\Engine\Geometry</Filter>
    </ClInclude>
    <ClInclude Include="Source\Engine\Input\InputSystem.h">
      <Filter>Source\Engine\Input</Filter>
    </ClInclude>
    <ClInclude Include="Source\Engine\Input\Controller\EditorController\BaseEditorController.h">
      <Filter>Source\Engine\Input\Controller\EditorController</Filter>
    </ClInclude>
    <ClInclude Include="Source\Engine\Input\Controller\EditorController\EditorInputRouter.h">
      <Filter>Source\Engine\Input\Controller\EditorController</Filter>
    </ClInclude>
    <ClInclude Include="Source\Engine\Input\Controller\EditorController\EditorWorldController.h">
      <Filter>Source\Engine\Input\Controller\EditorController</Filter>
    </ClInclude>
    <ClInclude Include="Source\Engine\Input\Controller\EditorController\PIEController.h">
      <Filter>Source\Engine\Input\Controller\EditorController</Filter>
    </ClInclude>
    <ClInclude Include="Source\Engine\Math\Color.h">
      <Filter>Source\Engine\Math</Filter>
    </ClInclude>
    <ClInclude Include="Source\Engine\Math\Edge.h">
      <Filter>Source\Engine\Math</Filter>
    </ClInclude>
    <ClInclude Include="Source\Engine\Math\Matrix.h">
      <Filter>Source\Engine\Math</Filter>
    </ClInclude>
    <ClInclude Include="Source\Engine\Math\Quat.h">
      <Filter>Source\Engine\Math</Filter>
    </ClInclude>
    <ClInclude Include="Source\Engine\Math\Rotator.h">
      <Filter>Source\Engine\Math</Filter>
    </ClInclude>
    <ClInclude Include="Source\Engine\Math\Utils.h">
      <Filter>Source\Engine\Math</Filter>
    </ClInclude>
    <ClInclude Include="Source\Engine\Math\Vector.h">
      <Filter>Source\Engine\Math</Filter>
    </ClInclude>
    <ClInclude Include="Source\Engine\Math\Vector2.h">
      <Filter>Source\Engine\Math</Filter>
    </ClInclude>
    <ClInclude Include="Source\Engine\Math\Vector4.h">
      <Filter>Source\Engine\Math</Filter>
    </ClInclude>
    <ClInclude Include="Source\Engine\Object\ActorIterator.h">
      <Filter>Source\Engine\Object</Filter>
    </ClInclude>
    <ClInclude Include="Source\Engine\Object\EngineStatics.h">
      <Filter>Source\Engine\Object</Filter>
    </ClInclude>
    <ClInclude Include="Source\Engine\Object\FName.h">
      <Filter>Source\Engine\Object</Filter>
    </ClInclude>
    <ClInclude Include="Source\Engine\Object\Object.h">
      <Filter>Source\Engine\Object</Filter>
    </ClInclude>
    <ClInclude Include="Source\Engine\Object\ObjectFactory.h">
      <Filter>Source\Engine\Object</Filter>
    </ClInclude>
    <ClInclude Include="Source\Engine\Object\ObjectIterator.h">
      <Filter>Source\Engine\Object</Filter>
    </ClInclude>
    <ClInclude Include="Source\Engine\Render\FontBatcher.h">
      <Filter>Source\Engine\Render</Filter>
    </ClInclude>
    <ClInclude Include="Source\Engine\Render\LineBatcher.h">
      <Filter>Source\Engine\Render</Filter>
    </ClInclude>
    <ClInclude Include="Source\Engine\Render\SubUVBatcher.h">
      <Filter>Source\Engine\Render</Filter>
    </ClInclude>
    <ClInclude Include="Source\Engine\Render\Collector\LightRenderCollector.h">
      <Filter>Source\Engine\Render\Collector</Filter>
    </ClInclude>
    <ClInclude Include="Source\Engine\Render\Collector\OverlayRenderCollector.h">
      <Filter>Source\Engine\Render\Collector</Filter>
    </ClInclude>
    <ClInclude Include="Source\Engine\Render\Collector\PrimitiveRenderCollector.h">
      <Filter>Source\Engine\Render\Collector</Filter>
    </ClInclude>
    <ClInclude Include="Source\Engine\Render\Collector\RenderCollectionStats.h">
      <Filter>Source\Engine\Render\Collector</Filter>
    </ClInclude>
    <ClInclude Include="Source\Engine\Render\Collector\RenderCollector.h">
      <Filter>Source\Engine\Render\Collector</Filter>
    </ClInclude>
    <ClInclude Include="Source\Engine\Render\Common\ComPtr.h">
      <Filter>Source\Engine\Render\Common</Filter>
    </ClInclude>
    <ClInclude Include="Source\Engine\Render\Common\RenderTypes.h">
      <Filter>Source\Engine\Render\Common</Filter>
    </ClInclude>
    <ClInclude Include="Source\Engine\Render\Common\ViewTypes.h">
      <Filter>Source\Engine\Render\Common</Filter>
    </ClInclude>
    <ClInclude Include="Source\Engine\Render\Device\D3DDevice.h">
      <Filter>Source\Engine\Render\Device</Filter>
    </ClInclude>
    <ClInclude Include="Source\Engine\Render\Mesh\MeshManager.h">
      <Filter>Source\Engine\Render\Mesh</Filter>
    </ClInclude>
    <ClInclude Include="Source\Engine\Render\Renderer\DefaultRenderPipeline.h">
      <Filter>Source\Engine\Render\Renderer</Filter>
    </ClInclude>
    <ClInclude Include="Source\Engine\Render\Renderer\IRenderPipeline.h">
      <Filter>Source\Engine\Render\Renderer</Filter>
    </ClInclude>
    <ClInclude Include="Source\Engine\Render\Renderer\Renderer.h">
      <Filter>Source\Engine\Render\Renderer</Filter>
    </ClInclude>
    <ClInclude Include="Source\Engine\Render\Renderer\RenderFlow\BillboardRenderPass.h">
      <Filter>Source\Engine\Render\Renderer\RenderFlow</Filter>
    </ClInclude>
    <ClInclude Include="Source\Engine\Render\Renderer\RenderFlow\BlurPass.h">
      <Filter>Source\Engine\Render\Renderer\RenderFlow</Filter>
    </ClInclude>
    <ClInclude Include="Source\Engine\Render\Renderer\RenderFlow\BufferVisualizationRenderPass.h">
      <Filter>Source\Engine\Render\Renderer\RenderFlow</Filter>
    </ClInclude>
    <ClInclude Include="Source\Engine\Render\Renderer\RenderFlow\DecalRenderPass.h">
      <Filter>Source\Engine\Render\Renderer\RenderFlow</Filter>
    </ClInclude>
    <ClInclude Include="Source\Engine\Render\Renderer\RenderFlow\DepthLessRenderPass.h">
      <Filter>Source\Engine\Render\Renderer\RenderFlow</Filter>
    </ClInclude>
    <ClInclude Include="Source\Engine\Render\Renderer\RenderFlow\EditorRenderPass.h">
      <Filter>Source\Engine\Render\Renderer\RenderFlow</Filter>
    </ClInclude>
    <ClInclude Include="Source\Engine\Render\Renderer\RenderFlow\FXAARenderPass.h">
      <Filter>Source\Engine\Render\Renderer\RenderFlow</Filter>
    </ClInclude>
    <ClInclude Include="Source\Engine\Render\Renderer\RenderFlow\FogRenderPass.h">
      <Filter>Source\Engine\Render\Renderer\RenderFlow</Filter>
    </ClInclude>
    <ClInclude Include="Source\Engine\Render\Renderer\RenderFlow\FontRenderPass.h">
      <Filter>Source\Engine\Render\Renderer\RenderFlow</Filter>
    </ClInclude>
    <ClInclude Include="Source\Engine\Render\Renderer\RenderFlow\GridRenderPass.h">
      <Filter>Source\Engine\Render\Renderer\RenderFlow</Filter>
    </ClInclude>
    <ClInclude Include="Source\Engine\Render\Renderer\RenderFlow\LightCullingPass.h">
      <Filter>Source\Engine\Render\Renderer\RenderFlow</Filter>
    </ClInclude>
    <ClInclude Include="Source\Engine\Render\Renderer\RenderFlow\OpaqueRenderPass.h">
      <Filter>Source\Engine\Render\Renderer\RenderFlow</Filter>
    </ClInclude>
    <ClInclude Include="Source\Engine\Render\Renderer\RenderFlow\PostProcessOutlineRenderPass.h">
      <Filter>Source\Engine\Render\Renderer\RenderFlow</Filter>
    </ClInclude>
    <ClInclude Include="Source\Engine\Render\Renderer\RenderFlow\RenderPass.h">
      <Filter>Source\Engine\Render\Renderer\RenderFlow</Filter>
    </ClInclude>
    <ClInclude Include="Source\Engine\Render\Renderer\RenderFlow\RenderPassContext.h">
      <Filter>Source\Engine\Render\Renderer\RenderFlow</Filter>
    </ClInclude>
    <ClInclude Include="Source\Engine\Render\Renderer\RenderFlow\RenderPipeline.h">
      <Filter>Source\Engine\Render\Renderer\RenderFlow</Filter>
    </ClInclude>
    <ClInclude Include="Source\Engine\Render\Renderer\RenderFlow\SceneLightBinding.h">
      <Filter>Source\Engine\Render\Renderer\RenderFlow</Filter>
    </ClInclude>
    <ClInclude Include="Source\Engine\Render\Renderer\RenderFlow\SelectionMaskRenderPass.h">
      <Filter>Source\Engine\Render\Renderer\RenderFlow</Filter>
    </ClInclude>
    <ClInclude Include="Source\Engine\Render\Renderer\RenderFlow\ShadowAtlasManager.h">
      <Filter>Source\Engine\Render\Renderer\RenderFlow</Filter>
    </ClInclude>
    <ClInclude Include="Source\Engine\Render\Renderer\RenderFlow\ShadowPass.h">
      <Filter>Source\Engine\Render\Renderer\RenderFlow</Filter>
    </ClInclude>
    <ClInclude Include="Source\Engine\Render\Renderer\RenderFlow\SkyRenderPass.h">
      <Filter>Source\Engine\Render\Renderer\RenderFlow</Filter>
    </ClInclude>
    <ClInclude Include="Source\Engine\Render\Renderer\RenderFlow\SubUVRenderPass.h">
      <Filter>Source\Engine\Render\Renderer\RenderFlow</Filter>
    </ClInclude>
    <ClInclude Include="Source\Engine\Render\Renderer\RenderFlow\ToonOutlineRenderPass.h">
      <Filter>Source\Engine\Render\Renderer\RenderFlow</Filter>
    </ClInclude>
    <ClInclude Include="Source\Engine\Render\Renderer\RenderFlow\TranslucentRenderPass.h">
      <Filter>Source\Engine\Render\Renderer\RenderFlow</Filter>
    </ClInclude>
    <ClInclude Include="Source\Engine\Render\Renderer\RenderTarget\DepthStencilBuilder.h">
      <Filter>Source\Engine\Render\Renderer\RenderTarget</Filter>
    </ClInclude>
    <ClInclude Include="Source\Engine\Render\Renderer\RenderTarget\DepthStencilFactory.h">
      <Filter>Source\Engine\Render\Renderer\RenderTarget</Filter>
    </ClInclude>
    <ClInclude Include="Source\Engine\Render\Renderer\RenderTarget\DepthStencilResource.h">
      <Filter>Source\Engine\Render\Renderer\RenderTarget</Filter>
    </ClInclude>
    <ClInclude Include="Source\Engine\Render\Renderer\RenderTarget\RenderTarget.h">
      <Filter>Source\Engine\Render\Renderer\RenderTarget</Filter>
    </ClInclude>
    <ClInclude Include="Source\Engine\Render\Renderer\RenderTarget\RenderTargetBuilder.h">
      <Filter>Source\Engine\Render\Renderer\RenderTarget</Filter>
    </ClInclude>
    <ClInclude Include="Source\Engine\Render\Renderer\RenderTarget\RenderTargetFactory.h">
      <Filter>Source\Engine\Render\Renderer\RenderTarget</Filter>
    </ClInclude>
    <ClInclude Include="Source\Engine\Render\Resource\Buffer.h">
      <Filter>Source\Engine\Render\Resource</Filter>
    </ClInclude>
    <ClInclude Include="Source\Engine\Render\Resource\Material.h">
      <Filter>Source\Engine\Render\Resource</Filter>
    </ClInclude>
    <ClInclude Include="Source\Engine\Render\Resource\MeshBufferManager.h">
      <Filter>Source\Engine\Render\Resource</Filter>
    </ClInclude>
    <ClInclude Include="Source\Engine\Render\Resource\ObjMtlLoader.h">
      <Filter>Source\Engine\Render\Resource</Filter>
    </ClInclude>
    <ClInclude Include="Source\Engine\Render\Resource\RenderResources.h">
      <Filter>Source\Engine\Render\Resource</Filter>
    </ClInclude>
    <ClInclude Include="Source\Engine\Render\Resource\Shader.h">
      <Filter>Source\Engine\Render\Resource</Filter>
    </ClInclude>
    <ClInclude Include="Source\Engine\Render\Resource\Texture.h">
      <Filter>Source\Engine\Render\Resource</Filter>
    </ClInclude>
    <ClInclude Include="Source\Engine\Render\Resource\VertexTypes.h">
      <Filter>Source\Engine\Render\Resource</Filter>
    </ClInclude>
    <ClInclude Include="Source\Engine\Render\Scene\RenderBus.h">
      <Filter>Source\Engine\Render\Scene</Filter>
    </ClInclude>
    <ClInclude Include="Source\Engine\Render\Scene\RenderCommand.h">
      <Filter>Source\Engine\Render\Scene</Filter>
    </ClInclude>
    <ClInclude Include="Source\Engine\Runtime\Engine.h">
      <Filter>Source\Engine\Runtime</Filter>
    </ClInclude>
    <ClInclude Include="Source\Engine\Runtime\EngineLoop.h">
      <Filter>Source\Engine\Runtime</Filter>
    </ClInclude>
    <ClInclude Include="Source\Engine\Runtime\Launch.h">
      <Filter>Source\Engine\Runtime</Filter>
    </ClInclude>
    <ClInclude Include="Source\Engine\Runtime\SceneView.h">
      <Filter>Source\Engine\Runtime</Filter>
    </ClInclude>
    <ClInclude Include="Source\Engine\Runtime\Viewport.h">
      <Filter>Source\Engine\Runtime</Filter>
    </ClInclude>
    <ClInclude Include="Source\Engine\Runtime\ViewportClient.h">
      <Filter>Source\Engine\Runtime</Filter>
    </ClInclude>
    <ClInclude Include="Source\Engine\Runtime\ViewportRect.h">
      <Filter>Source\Engine\Runtime</Filter>
    </ClInclude>
    <ClInclude Include="Source\Engine\Runtime\WindowMessageHandler.h">
      <Filter>Source\Engine\Runtime</Filter>
    </ClInclude>
    <ClInclude Include="Source\Engine\Runtime\WindowsApplication.h">
      <Filter>Source\Engine\Runtime</Filter>
    </ClInclude>
    <ClInclude Include="Source\Engine\Runtime\WindowsPlatformTime.h">
      <Filter>Source\Engine\Runtime</Filter>
    </ClInclude>
    <ClInclude Include="Source\Engine\Runtime\WindowsWindow.h">
      <Filter>Source\Engine\Runtime</Filter>
    </ClInclude>
    <ClInclude Include="Source\Engine\Runtime\Stats\ScopeCycleCounter.h">
      <Filter>Source\Engine\Runtime\Stats</Filter>
    </ClInclude>
    <ClInclude Include="Source\Engine\Serialization\Archive.h">
      <Filter>Source\Engine\Serialization</Filter>
    </ClInclude>
    <ClInclude Include="Source\Engine\Serialization\JsonReader.h">
      <Filter>Source\Engine\Serialization</Filter>
    </ClInclude>
    <ClInclude Include="Source\Engine\Serialization\JsonWriter.h">
      <Filter>Source\Engine\Serialization</Filter>
    </ClInclude>
    <ClInclude Include="Source\Engine\Serialization\MemoryWriter.h">
      <Filter>Source\Engine\Serialization</Filter>
    </ClInclude>
    <ClInclude Include="Source\Engine\Serialization\SceneSaveManager.h">
      <Filter>Source\Engine\Serialization</Filter>
    </ClInclude>
    <ClInclude Include="Source\Engine\Slate\ISlateViewport.h">
      <Filter>Source\Engine\Slate</Filter>
    </ClInclude>
    <ClInclude Include="Source\Engine\Slate\SSplitter.h">
      <Filter>Source\Engine\Slate</Filter>
    </ClInclude>
    <ClInclude Include="Source\Engine\Slate\SSplitterCross.h">
      <Filter>Source\Engine\Slate</Filter>
    </ClInclude>
    <ClInclude Include="Source\Engine\Slate\SSplitterH.h">
      <Filter>Source\Engine\Slate</Filter>
    </ClInclude>
    <ClInclude Include="Source\Engine\Slate\SSplitterV.h">
      <Filter>Source\Engine\Slate</Filter>
    </ClInclude>
    <ClInclude Include="Source\Engine\Slate\SViewport.h">
      <Filter>Source\Engine\Slate</Filter>
    </ClInclude>
    <ClInclude Include="Source\Engine\Slate\SWidget.h">
      <Filter>Source\Engine\Slate</Filter>
    </ClInclude>
    <ClInclude Include="Source\Engine\Slate\SWindow.h">
      <Filter>Source\Engine\Slate</Filter>
    </ClInclude>
    <ClInclude Include="Source\Engine\Slate\SlateApplication.h">
      <Filter>Source\Engine\Slate</Filter>
    </ClInclude>
    <ClInclude Include="Source\Engine\Slate\SlateUtils.h">
      <Filter>Source\Engine\Slate</Filter>
    </ClInclude>
    <ClInclude Include="Source\Engine\Spatial\BVH.h">
      <Filter>Source\Engine\Spatial</Filter>
    </ClInclude>
    <ClInclude Include="Source\Engine\Spatial\KDTree.h">
      <Filter>Source\Engine\Spatial</Filter>
    </ClInclude>
    <ClInclude Include="Source\Engine\Spatial\WorldSpatialIndex.h">
      <Filter>Source\Engine\Spatial</Filter>
    </ClInclude>
    <ClInclude Include="Source\Misc\ObjViewer\ObjViewerEngine.h">
      <Filter>Source\Misc\ObjViewer</Filter>
    </ClInclude>
    <ClInclude Include="Source\Misc\ObjViewer\ObjViewerRenderPipeline.h">
      <Filter>Source\Misc\ObjViewer</Filter>
    </ClInclude>
    <ClInclude Include="Source\Misc\ObjViewer\Settings\ObjViewerSettings.h">
      <Filter>Source\Misc\ObjViewer\Settings</Filter>
    </ClInclude>
    <ClInclude Include="Source\Misc\ObjViewer\UI\ObjViewerControlWidget.h">
      <Filter>Source\Misc\ObjViewer\UI</Filter>
    </ClInclude>
    <ClInclude Include="Source\Misc\ObjViewer\UI\ObjViewerMainPanel.h">
      <Filter>Source\Misc\ObjViewer\UI</Filter>
    </ClInclude>
    <ClInclude Include="Source\Misc\ObjViewer\UI\ObjViewerMenuBarWIdget.h">
      <Filter>Source\Misc\ObjViewer\UI</Filter>
    </ClInclude>
    <ClInclude Include="Source\Misc\ObjViewer\UI\ObjViewerStatWidget.h">
      <Filter>Source\Misc\ObjViewer\UI</Filter>
    </ClInclude>
    <ClInclude Include="Source\Misc\ObjViewer\UI\ObjViewerWidget.h">
      <Filter>Source\Misc\ObjViewer\UI</Filter>
    </ClInclude>
    <ClInclude Include="Source\Misc\ObjViewer\Viewport\ObjViewerViewportClient.h">
      <Filter>Source\Misc\ObjViewer\Viewport</Filter>
    </ClInclude>
    <ClInclude Include="ThirdParty\ImGui\imconfig.h">
      <Filter>ThirdParty\ImGui</Filter>
    </ClInclude>
    <ClInclude Include="ThirdParty\ImGui\imgui.h">
      <Filter>ThirdParty\ImGui</Filter>
    </ClInclude>
    <ClInclude Include="ThirdParty\ImGui\imgui_impl_dx11.h">
      <Filter>ThirdParty\ImGui</Filter>
    </ClInclude>
    <ClInclude Include="ThirdParty\ImGui\imgui_impl_win32.h">
      <Filter>ThirdParty\ImGui</Filter>
    </ClInclude>
    <ClInclude Include="ThirdParty\ImGui\imgui_internal.h">
      <Filter>ThirdParty\ImGui</Filter>
    </ClInclude>
    <ClInclude Include="ThirdParty\ImGui\imstb_rectpack.h">
      <Filter>ThirdParty\ImGui</Filter>
    </ClInclude>
    <ClInclude Include="ThirdParty\ImGui\imstb_textedit.h">
      <Filter>ThirdParty\ImGui</Filter>
    </ClInclude>
    <ClInclude Include="ThirdParty\ImGui\imstb_truetype.h">
      <Filter>ThirdParty\ImGui</Filter>
    </ClInclude>
    <ClInclude Include="ThirdParty\SimpleJSON\json.hpp">
      <Filter>ThirdParty\SimpleJSON</Filter>
    </ClInclude>
  </ItemGroup>
</Project>